
Microsoft Visual Studio Solution File, Format Version 12.00
# Visual Studio Version 17
VisualStudioVersion = 17.5.33424.131
MinimumVisualStudioVersion = 10.0.40219.1
Project("{FAE04EC0-301F-11D3-BF4B-00C04F79EFBC}") = "dz_3", "dz_3.csproj", "{C8AFC8E0-5E6F-4A1F-90B1-6E77D95E987A}"
EndProject
Global
	GlobalSection(SolutionConfigurationPlatforms) = preSolution
		Debug|Any CPU = Debug|Any CPU
		Release|Any CPU = Release|Any CPU
	EndGlobalSection
	GlobalSection(ProjectConfigurationPlatforms) = postSolution
		{C8AFC8E0-5E6F-4A1F-90B1-6E77D95E987A}.Debug|Any CPU.ActiveCfg = Debug|Any CPU
		{C8AFC8E0-5E6F-4A1F-90B1-6E77D95E987A}.Debug|Any CPU.Build.0 = Debug|Any CPU
		{C8AFC8E0-5E6F-4A1F-90B1-6E77D95E987A}.Release|Any CPU.ActiveCfg = Release|Any CPU
		{C8AFC8E0-5E6F-4A1F-90B1-6E77D95E987A}.Release|Any CPU.Build.0 = Release|Any CPU
	EndGlobalSection
	GlobalSection(SolutionProperties) = preSolution
		HideSolutionNode = FALSE
	EndGlobalSection
	GlobalSection(ExtensibilityGlobals) = postSolution
		SolutionGuid = {8B4506CB-CC9E-48E5-8950-B6A7187A04FD}
	EndGlobalSection
EndGlobal
